
Microsoft Visual Studio Solution File, Format Version 12.00
# Visual Studio Version 16
VisualStudioVersion = 16.0.31911.196
MinimumVisualStudioVersion = 10.0.40219.1
Project("{9A19103F-16F7-4668-BE54-9A1E7A4F7556}") = "Task1", "Task1\Task1.csproj", "{DF0F8F8B-0B4B-4597-954B-E4C06E52AE84}"
EndProject
Project("{FAE04EC0-301F-11D3-BF4B-00C04F79EFBC}") = "Task2", "Task2\Task2.csproj", "{D1ADE78A-D67D-482C-879C-1334B83FAE7B}"
EndProject
Global
	GlobalSection(SolutionConfigurationPlatforms) = preSolution
		Debug|Any CPU = Debug|Any CPU
		Release|Any CPU = Release|Any CPU
	EndGlobalSection
	GlobalSection(ProjectConfigurationPlatforms) = postSolution
		{DF0F8F8B-0B4B-4597-954B-E4C06E52AE84}.Debug|Any CPU.ActiveCfg = Debug|Any CPU
		{DF0F8F8B-0B4B-4597-954B-E4C06E52AE84}.Debug|Any CPU.Build.0 = Debug|Any CPU
		{DF0F8F8B-0B4B-4597-954B-E4C06E52AE84}.Release|Any CPU.ActiveCfg = Release|Any CPU
		{DF0F8F8B-0B4B-4597-954B-E4C06E52AE84}.Release|Any CPU.Build.0 = Release|Any CPU
		{D1ADE78A-D67D-482C-879C-1334B83FAE7B}.Debug|Any CPU.ActiveCfg = Debug|Any CPU
		{D1ADE78A-D67D-482C-879C-1334B83FAE7B}.Debug|Any CPU.Build.0 = Debug|Any CPU
		{D1ADE78A-D67D-482C-879C-1334B83FAE7B}.Release|Any CPU.ActiveCfg = Release|Any CPU
		{D1ADE78A-D67D-482C-879C-1334B83FAE7B}.Release|Any CPU.Build.0 = Release|Any CPU
	EndGlobalSection
	GlobalSection(SolutionProperties) = preSolution
		HideSolutionNode = FALSE
	EndGlobalSection
	GlobalSection(ExtensibilityGlobals) = postSolution
		SolutionGuid = {DE213A8A-7F08-40CF-816E-BD16EC156D86}
	EndGlobalSection
EndGlobal
